{
  "name": "three-geometry",
  "version": "0.1.2",
  "lockfileVersion": 1,
  "requires": true,
  "dependencies": {
    "@hai2007/algorithm": {
      "version": "0.7.1",
      "resolved": "https://registry.npmjs.org/@hai2007/algorithm/-/algorithm-0.7.1.tgz",
      "integrity": "sha512-SR9/E8KGBCbJoS1LiDves6i8N7VPnu7YOlOZ5rWzc84yASz+/rYJd9DqlPd01WdDK3GjQ7NzbBEuzjzZi+QDxw==",
      "requires": {
        "@hai2007/tool": "^0.9.1"
      }
    },
    "@hai2007/tool": {
      "version": "0.9.1",
      "resolved": "https://registry.npmjs.org/@hai2007/tool/-/tool-0.9.1.tgz",
      "integrity": "sha512-zij3k2zXW+bYsvYwPSlW7A0zpsyqd1dyE6Fiokbwr/KUKl4KNFyzwNL/zNq0JMClZcvXHGLhvQbxPQt0zNwqYg=="
    }
  }
}
